
Microsoft Visual Studio Solution File, Format Version 12.00
# Visual Studio 2013
VisualStudioVersion = 12.0.31101.0
MinimumVisualStudioVersion = 10.0.40219.1
Project("{FAE04EC0-301F-11D3-BF4B-00C04F79EFBC}") = "RedisCachingProvider", "RedisCachingProvider\RedisCachingProvider.csproj", "{59BCB968-0D4F-497A-A63B-D3D97A861F15}"
EndProject
Project("{2150E333-8FDC-42A3-9474-1A3956D46DE8}") = ".nuget", ".nuget", "{E3338A84-BBB7-42D2-B4F6-C51932F70D6C}"
	ProjectSection(SolutionItems) = preProject
		RedisCachingProvider\.nuget\packages.config = RedisCachingProvider\.nuget\packages.config
	EndProjectSection
EndProject
Project("{2150E333-8FDC-42A3-9474-1A3956D46DE8}") = ".build", ".build", "{DE1DAAC2-AB6E-4B7D-86CA-4D8DAD74DA07}"
	ProjectSection(SolutionItems) = preProject
		RedisCachingProvider\Build.proj = RedisCachingProvider\Build.proj
		RedisCachingProvider\.build\ModulePackage.targets = RedisCachingProvider\.build\ModulePackage.targets
		RedisCachingProvider\.build\MSBuild.Community.Tasks.dll = RedisCachingProvider\.build\MSBuild.Community.Tasks.dll
		RedisCachingProvider\.build\MSBuild.Community.Tasks.targets = RedisCachingProvider\.build\MSBuild.Community.Tasks.targets
	EndProjectSection
EndProject
Project("{FAE04EC0-301F-11D3-BF4B-00C04F79EFBC}") = "RedisUnitTests", "RedisUnitTests\RedisUnitTests.csproj", "{3E5758D0-C3DF-462E-B401-7287FB12B8DE}"
EndProject
Global
	GlobalSection(SolutionConfigurationPlatforms) = preSolution
		Debug|Any CPU = Debug|Any CPU
		Debug|ARM = Debug|ARM
		Debug|x64 = Debug|x64
		Debug|x86 = Debug|x86
		Release|Any CPU = Release|Any CPU
		Release|ARM = Release|ARM
		Release|x64 = Release|x64
		Release|x86 = Release|x86
	EndGlobalSection
	GlobalSection(ProjectConfigurationPlatforms) = postSolution
		{59BCB968-0D4F-497A-A63B-D3D97A861F15}.Debug|Any CPU.ActiveCfg = Debug|Any CPU
		{59BCB968-0D4F-497A-A63B-D3D97A861F15}.Debug|Any CPU.Build.0 = Debug|Any CPU
		{59BCB968-0D4F-497A-A63B-D3D97A861F15}.Debug|ARM.ActiveCfg = Debug|Any CPU
		{59BCB968-0D4F-497A-A63B-D3D97A861F15}.Debug|x64.ActiveCfg = Debug|Any CPU
		{59BCB968-0D4F-497A-A63B-D3D97A861F15}.Debug|x86.ActiveCfg = Debug|Any CPU
		{59BCB968-0D4F-497A-A63B-D3D97A861F15}.Release|Any CPU.ActiveCfg = Release|Any CPU
		{59BCB968-0D4F-497A-A63B-D3D97A861F15}.Release|Any CPU.Build.0 = Release|Any CPU
		{59BCB968-0D4F-497A-A63B-D3D97A861F15}.Release|ARM.ActiveCfg = Release|Any CPU
		{59BCB968-0D4F-497A-A63B-D3D97A861F15}.Release|x64.ActiveCfg = Release|Any CPU
		{59BCB968-0D4F-497A-A63B-D3D97A861F15}.Release|x86.ActiveCfg = Release|Any CPU
		{3E5758D0-C3DF-462E-B401-7287FB12B8DE}.Debug|Any CPU.ActiveCfg = Debug|Any CPU
		{3E5758D0-C3DF-462E-B401-7287FB12B8DE}.Debug|Any CPU.Build.0 = Debug|Any CPU
		{3E5758D0-C3DF-462E-B401-7287FB12B8DE}.Debug|ARM.ActiveCfg = Debug|Any CPU
		{3E5758D0-C3DF-462E-B401-7287FB12B8DE}.Debug|x64.ActiveCfg = Debug|Any CPU
		{3E5758D0-C3DF-462E-B401-7287FB12B8DE}.Debug|x86.ActiveCfg = Debug|Any CPU
		{3E5758D0-C3DF-462E-B401-7287FB12B8DE}.Release|Any CPU.ActiveCfg = Release|Any CPU
		{3E5758D0-C3DF-462E-B401-7287FB12B8DE}.Release|Any CPU.Build.0 = Release|Any CPU
		{3E5758D0-C3DF-462E-B401-7287FB12B8DE}.Release|ARM.ActiveCfg = Release|Any CPU
		{3E5758D0-C3DF-462E-B401-7287FB12B8DE}.Release|x64.ActiveCfg = Release|Any CPU
		{3E5758D0-C3DF-462E-B401-7287FB12B8DE}.Release|x86.ActiveCfg = Release|Any CPU
	EndGlobalSection
	GlobalSection(SolutionProperties) = preSolution
		HideSolutionNode = FALSE
	EndGlobalSection
EndGlobal
